github.com/Depili/go-osc v0.0.0-20170806011531-31b2c921f3f8 h1:sOTJcWgUEyCQj3YehnqKIt3Cx798AXNoNe1qraUWzm8=
github.com/Depili/go-osc v0.0.0-20170806011531-31b2c921f3f8/go.mod h1:jDf+xmaMV/L0fSSeqEypiAhLbYUq6LnLFZLnwFnAACg=
github.com/depili/go-rgb-led-matrix v0.0.0-20160725180610-c2da37d64860 h1:HbeUSRM/wLbn5qx4dAWis3QonU0rJU/248dFGjZ2o6E=
github.com/depili/go-rgb-led-matrix v0.0.0-20160725180610-c2da37d64860/go.mod h1:OKYoF0MPRiUlF13JE269VLAhhZfh59cJiLcySzpyrbg=
github.com/desertbit/timer v0.0.0-20180107155436-c41aec40b27f h1:U5y3Y5UE0w7amNe7Z5G/twsBW0KEalRQXZzf8ufSh9I=
github.com/desertbit/timer v0.0.0-20180107155436-c41aec40b27f/go.mod h1:xH/i4TFMt8koVQZ6WFms69WAsDWr2XsYL3Hkl7jkoLE=
github.com/golang/glog v0.0.0-20160126235308-23def4e6c14b h1:VKtxabqXZkF25pY9ekfRL6a582T4P37/31XEstQ5p58=
github.com/golang/glog v0.0.0-20160126235308-23def4e6c14b/go.mod h1:SBH7ygxi8pfUlaOkMMuAQtPIUF8ecWP5IEl/CR7VP2Q=
github.com/husl-colors/husl-go v2.0.0+incompatible h1:oQsbCsz2NaQpADsbb7Han1FbTwvXAjvRkgkQvepjcEs=
github.com/husl-colors/husl-go v2.0.0+incompatible/go.mod h1:6cGnkrtJV+Zf2bjiMyhg600DGa1p71KigxStau/ELQw=
github.com/hypebeast/go-osc v0.0.0-20200115085105-85fee7fed692 h1:a5rmrg0wd6LLuRQGk9lopHHgzyjM8DjH0Ek0iHki5Lc=
github.com/hypebeast/go-osc v0.0.0-20200115085105-85fee7fed692/go.mod h1:VCiuhv+/+jPFqHeZAgVC61Cr4drPso5XEEKmEiqCsuU=
github.com/jessevdk/go-flags v1.4.0 h1:4IU2WS7AumrZ/40jfhf4QVDMsQwqA7VEHozFRrGARJA=
github.com/jessevdk/go-flags v1.4.0/go.mod h1:4FA24M0QyGHXBuZZK/XkWh8h0e1EYbRYJSGM75WSRxI=
github.com/kidoman/embd v0.0.0-20170508013040-d3d8c0c5c68d h1:dPUSr0RGzXAdsUTMtiyQ/2RBLIIwkv6jGnhxrufitvQ=
github.com/kidoman/embd v0.0.0-20170508013040-d3d8c0c5c68d/go.mod h1:ACKj9jnzOzj1lw2ETilpFGK7L9dtJhAzT7T1OhAGtRQ=
github.com/pebbe/zmq4 v1.2.0 h1:SMCj4kvOpBvM97uWlv7QSlwjpCpYOXdiK8piMjGmzOs=
github.com/pebbe/zmq4 v1.2.0/go.mod h1:7N4y5R18zBiu3l0vajMUWQgZyjv464prE8RCyBcmnZM=
github.com/tarm/serial v0.0.0-20180830185346-98f6abe2eb07 h1:UyzmZLoiDWMRywV4DUYb9Fbt8uiOSooupjTq10vpvnU=
github.com/tarm/serial v0.0.0-20180830185346-98f6abe2eb07/go.mod h1:kDXzergiv9cbyO7IOYJZWg1U88JhDg3PB6klq9Hg2pA=
github.com/veandco/go-sdl2 v0.4.1 h1:HmSBvVmKWI8LAOeCfTTM8R33rMyPcs6U3o8n325c9Qg=
github.com/veandco/go-sdl2 v0.4.1/go.mod h1:FB+kTpX9YTE+urhYiClnRzpOXbiWgaU3+5F2AB78DPg=
gitlab.com/Depili/clock-8001 v3.7.2+incompatible h1:Wa6BoclZQ+IxBVaoJTLia1/N46IioafubXcpP2x1oKo=
gitlab.com/Depili/clock-8001 v3.7.2+incompatible/go.mod h1:Zq3z8cCJg0SxzLHU8Aq/Cqs0ufCLg4R1u+1XeW8Q86c=
gitlab.com/Depili/go-rgb-led-matrix v0.0.0-20160725180610-c2da37d64860 h1:bvDKDIyfDDcjTVkDwaTZjavPadKRpqVL3z2GquQPhOY=
gitlab.com/Depili/go-rgb-led-matrix v0.0.0-20160725180610-c2da37d64860/go.mod h1:VP0pYqq9Ih2ME+RO2+5TLHpMTJgc3A9HIYRc2KDlzoo=
gitlab.com/Depili/go-rgb-led-matrix v0.0.0-20170204170814-25b63d4baf68 h1:hz00oF+OBvAVMRRYiOliJhUZgDtsA9Vzfw0wDvLzGhA=
gitlab.com/Depili/go-rgb-led-matrix v0.0.0-20170204170814-25b63d4baf68/go.mod h1:VP0pYqq9Ih2ME+RO2+5TLHpMTJgc3A9HIYRc2KDlzoo=
golang.org/x/crypto v0.0.0-20190308221718-c2843e01d9a2/go.mod h1:djNgcEr1/C05ACkg1iLfiJU5Ep61QUkGW8qpdssI0+w=
golang.org/x/crypto v0.0.0-20191011191535-87dc89f01550/go.mod h1:yigFU9vqHzYiE8UmvKecakEJjdnWj3jj499lnFckfCI=
golang.org/x/lint v0.0.0-20200130185559-910be7a94367 h1:0IiAsCRByjO2QjX7ZPkw5oU9x+n1YqRL802rjC0c3Aw=
golang.org/x/lint v0.0.0-20200130185559-910be7a94367/go.mod h1:3xt1FjdF8hUf6vQPIChWIBhFzV8gjjsPE/fR3IyQdNY=
golang.org/x/mod v0.1.1-0.20191105210325-c90efee705ee/go.mod h1:QqPTAvyqsEbceGzBzNggFXnrqF1CaUcvgkdR5Ot7KZg=
golang.org/x/net v0.0.0-20190404232315-eb5bcb51f2a3/go.mod h1:t9HGtf8HONx5eT2rtn7q6eTqICYqUVnKs3thJo3Qplg=
golang.org/x/net v0.0.0-20190620200207-3b0461eec859/go.mod h1:z5CRVTTTmAJ677TzLLGU+0bjPO0LkuOLi4/5GtJWs/s=
golang.org/x/sync v0.0.0-20190423024810-112230192c58/go.mod h1:RxMgew5VJxzue5/jJTE5uejpjVlOe/izrB70Jof72aM=
golang.org/x/sys v0.0.0-20190215142949-d0b11bdaac8a/go.mod h1:STP8DvDyc/dI5b8T5hshtkjS+E42TnysNCUPdjciGhY=
golang.org/x/sys v0.0.0-20190412213103-97732733099d/go.mod h1:h1NjWce9XRLGQEsW7wpKNCjG9DtNlClVuFLEZdDNbEs=
golang.org/x/sys v0.0.0-20200301153931-2f85c7ec1e52 h1:Fe2jtNSBRfG8Aj/TMNSxQtNw3TQns0pulbct3LgZ1oI=
golang.org/x/sys v0.0.0-20200301153931-2f85c7ec1e52/go.mod h1:h1NjWce9XRLGQEsW7wpKNCjG9DtNlClVuFLEZdDNbEs=
golang.org/x/text v0.3.0/go.mod h1:NqM8EUOU14njkJ3fqMW+pc6Ldnwhi/IjpwHt7yyuwOQ=
golang.org/x/tools v0.0.0-20200130002326-2f3ba24bd6e7 h1:EBZoQjiKKPaLbPrbpssUfuHtwM6KV/vb4U85g/cigFY=
golang.org/x/tools v0.0.0-20200130002326-2f3ba24bd6e7/go.mod h1:TB2adYChydJhpapKDTa4BR/hXlZSLoq2Wpct/0txZ28=
golang.org/x/tools v0.0.0-20200228224639-71482053b885 h1:y09Juz/HD0YjGlyEd4bLUWG0s8Yx6iPniPqUGzUxNrU=
golang.org/x/tools v0.0.0-20200228224639-71482053b885/go.mod h1:TB2adYChydJhpapKDTa4BR/hXlZSLoq2Wpct/0txZ28=
golang.org/x/xerrors v0.0.0-20191011141410-1b5146add898/go.mod h1:I/5z698sn9Ka8TeJc9MKroUUfqBBauWjQqLJ2OPfmY0=
